
Microsoft Visual Studio Solution File, Format Version 12.00
# Visual Studio Version 16
VisualStudioVersion = 16.0.33927.289
MinimumVisualStudioVersion = 10.0.40219.1
Project("{2150E333-8FDC-42A3-9474-1A3956D46DE8}") = "TaskReview", "TaskReview", "{DFC45D8F-FDED-450D-B817-987EC1B0AE0B}"
EndProject
Project("{FAE04EC0-301F-11D3-BF4B-00C04F79EFBC}") = "Tyuiu.GurevskayaVE.Sprint4.TaskReview.V20", "Tyuiu.GurevskayaVE.Sprint4.TaskReview.V20\Tyuiu.GurevskayaVE.Sprint4.TaskReview.V20.csproj", "{A188C803-78EB-4CD8-9187-B5EDDFB855BA}"
EndProject
Project("{FAE04EC0-301F-11D3-BF4B-00C04F79EFBC}") = "Tyuiu.GurevskayaVE.Sprint4.TaskReview.V20.Lib", "Tyuiu.GurevskayaVE.Sprint4.TaskReview.V20.Lib\Tyuiu.GurevskayaVE.Sprint4.TaskReview.V20.Lib.csproj", "{D541887B-CEB7-45A7-92E6-A6D9769C4248}"
EndProject
Project("{FAE04EC0-301F-11D3-BF4B-00C04F79EFBC}") = "Tyuiu.GurevskayaVE.Sprint4.TaskReview.V20.Test", "Tyuiu.GurevskayaVE.Sprint4.TaskReview.V20.Test\Tyuiu.GurevskayaVE.Sprint4.TaskReview.V20.Test.csproj", "{80162290-E834-42F6-BE73-E8155B37432E}"
EndProject
Global
	GlobalSection(SolutionConfigurationPlatforms) = preSolution
		Debug|Any CPU = Debug|Any CPU
		Release|Any CPU = Release|Any CPU
	EndGlobalSection
	GlobalSection(ProjectConfigurationPlatforms) = postSolution
		{A188C803-78EB-4CD8-9187-B5EDDFB855BA}.Debug|Any CPU.ActiveCfg = Debug|Any CPU
		{A188C803-78EB-4CD8-9187-B5EDDFB855BA}.Debug|Any CPU.Build.0 = Debug|Any CPU
		{A188C803-78EB-4CD8-9187-B5EDDFB855BA}.Release|Any CPU.ActiveCfg = Release|Any CPU
		{A188C803-78EB-4CD8-9187-B5EDDFB855BA}.Release|Any CPU.Build.0 = Release|Any CPU
		{D541887B-CEB7-45A7-92E6-A6D9769C4248}.Debug|Any CPU.ActiveCfg = Debug|Any CPU
		{D541887B-CEB7-45A7-92E6-A6D9769C4248}.Debug|Any CPU.Build.0 = Debug|Any CPU
		{D541887B-CEB7-45A7-92E6-A6D9769C4248}.Release|Any CPU.ActiveCfg = Release|Any CPU
		{D541887B-CEB7-45A7-92E6-A6D9769C4248}.Release|Any CPU.Build.0 = Release|Any CPU
		{80162290-E834-42F6-BE73-E8155B37432E}.Debug|Any CPU.ActiveCfg = Debug|Any CPU
		{80162290-E834-42F6-BE73-E8155B37432E}.Debug|Any CPU.Build.0 = Debug|Any CPU
		{80162290-E834-42F6-BE73-E8155B37432E}.Release|Any CPU.ActiveCfg = Release|Any CPU
		{80162290-E834-42F6-BE73-E8155B37432E}.Release|Any CPU.Build.0 = Release|Any CPU
	EndGlobalSection
	GlobalSection(SolutionProperties) = preSolution
		HideSolutionNode = FALSE
	EndGlobalSection
	GlobalSection(NestedProjects) = preSolution
		{A188C803-78EB-4CD8-9187-B5EDDFB855BA} = {DFC45D8F-FDED-450D-B817-987EC1B0AE0B}
		{D541887B-CEB7-45A7-92E6-A6D9769C4248} = {DFC45D8F-FDED-450D-B817-987EC1B0AE0B}
		{80162290-E834-42F6-BE73-E8155B37432E} = {DFC45D8F-FDED-450D-B817-987EC1B0AE0B}
	EndGlobalSection
	GlobalSection(ExtensibilityGlobals) = postSolution
		SolutionGuid = {17D79AA9-22DE-455C-BD4B-0D9F0874E9C0}
	EndGlobalSection
EndGlobal
